
Microsoft Visual Studio Solution File, Format Version 12.00
# Visual Studio Version 16
VisualStudioVersion = 16.0.29209.62
MinimumVisualStudioVersion = 10.0.40219.1
Project("{FAE04EC0-301F-11D3-BF4B-00C04F79EFBC}") = "CodeChallenges", "CodeChallenges\CodeChallenges.csproj", "{62411844-2698-434E-B41E-72FD09F61775}"
EndProject
Project("{FAE04EC0-301F-11D3-BF4B-00C04F79EFBC}") = "CodeChallengesTests", "CodeChallengesTests\CodeChallengesTests.csproj", "{3C1F6C03-0575-4215-ADD8-A1DA9843113F}"
EndProject
Global
	GlobalSection(SolutionConfigurationPlatforms) = preSolution
		Debug|Any CPU = Debug|Any CPU
		Release|Any CPU = Release|Any CPU
	EndGlobalSection
	GlobalSection(ProjectConfigurationPlatforms) = postSolution
		{62411844-2698-434E-B41E-72FD09F61775}.Debug|Any CPU.ActiveCfg = Debug|Any CPU
		{62411844-2698-434E-B41E-72FD09F61775}.Debug|Any CPU.Build.0 = Debug|Any CPU
		{62411844-2698-434E-B41E-72FD09F61775}.Release|Any CPU.ActiveCfg = Release|Any CPU
		{62411844-2698-434E-B41E-72FD09F61775}.Release|Any CPU.Build.0 = Release|Any CPU
		{3C1F6C03-0575-4215-ADD8-A1DA9843113F}.Debug|Any CPU.ActiveCfg = Debug|Any CPU
		{3C1F6C03-0575-4215-ADD8-A1DA9843113F}.Debug|Any CPU.Build.0 = Debug|Any CPU
		{3C1F6C03-0575-4215-ADD8-A1DA9843113F}.Release|Any CPU.ActiveCfg = Release|Any CPU
		{3C1F6C03-0575-4215-ADD8-A1DA9843113F}.Release|Any CPU.Build.0 = Release|Any CPU
	EndGlobalSection
	GlobalSection(SolutionProperties) = preSolution
		HideSolutionNode = FALSE
	EndGlobalSection
	GlobalSection(ExtensibilityGlobals) = postSolution
		SolutionGuid = {DC5AD485-ADD6-464C-8FF9-90B6967E99D9}
	EndGlobalSection
EndGlobal
